Microsoft Visual Studio Solution File, Format Version 11.00
# Visual Studio 2008

Project("{8A52E7A8-D3B4-C955-D6F7-927C6BA3FE72}") = "creature", "Assembly-CSharp-firstpass.csproj", "{BB6CFE5D-9C45-FA04-266E-93626BB49318}"
EndProject
Project("{8A52E7A8-D3B4-C955-D6F7-927C6BA3FE72}") = "creature", "Assembly-CSharp.csproj", "{CB5B9219-9FCA-C26E-27B6-9CAE9386EEE5}"
EndProject
Project("{8A52E7A8-D3B4-C955-D6F7-927C6BA3FE72}") = "creature", "Assembly-CSharp-Editor.csproj", "{F3D6909F-B9BE-E6FB-B803-25F5871C7DFE}"
EndProject
Project("{8A52E7A8-D3B4-C955-D6F7-927C6BA3FE72}") = "creature", "Assembly-UnityScript-firstpass.unityproj", "{36820BCA-8EEC-F71C-2F95-3056AECC4F97}"
EndProject
Project("{8A52E7A8-D3B4-C955-D6F7-927C6BA3FE72}") = "creature", "Assembly-UnityScript.unityproj", "{89C2D592-8EDB-4047-4B1D-A2712F208ECE}"
EndProject
Project("{8A52E7A8-D3B4-C955-D6F7-927C6BA3FE72}") = "creature", "Assembly-UnityScript-Editor-firstpass.unityproj", "{75E353AA-96B7-FD69-93BB-B241ECE12737}"
EndProject
Global
	GlobalSection(SolutionConfigurationPlatforms) = preSolution
		Debug|Any CPU = Debug|Any CPU
		Release|Any CPU = Release|Any CPU
	EndGlobalSection
	GlobalSection(ProjectConfigurationPlatforms) = postSolution
		{BB6CFE5D-9C45-FA04-266E-93626BB49318}.Debug|Any CPU.ActiveCfg = Debug|Any CPU
		{BB6CFE5D-9C45-FA04-266E-93626BB49318}.Debug|Any CPU.Build.0 = Debug|Any CPU
		{BB6CFE5D-9C45-FA04-266E-93626BB49318}.Release|Any CPU.ActiveCfg = Release|Any CPU
		{BB6CFE5D-9C45-FA04-266E-93626BB49318}.Release|Any CPU.Build.0 = Release|Any CPU
		{CB5B9219-9FCA-C26E-27B6-9CAE9386EEE5}.Debug|Any CPU.ActiveCfg = Debug|Any CPU
		{CB5B9219-9FCA-C26E-27B6-9CAE9386EEE5}.Debug|Any CPU.Build.0 = Debug|Any CPU
		{CB5B9219-9FCA-C26E-27B6-9CAE9386EEE5}.Release|Any CPU.ActiveCfg = Release|Any CPU
		{CB5B9219-9FCA-C26E-27B6-9CAE9386EEE5}.Release|Any CPU.Build.0 = Release|Any CPU
		{F3D6909F-B9BE-E6FB-B803-25F5871C7DFE}.Debug|Any CPU.ActiveCfg = Debug|Any CPU
		{F3D6909F-B9BE-E6FB-B803-25F5871C7DFE}.Debug|Any CPU.Build.0 = Debug|Any CPU
		{F3D6909F-B9BE-E6FB-B803-25F5871C7DFE}.Release|Any CPU.ActiveCfg = Release|Any CPU
		{F3D6909F-B9BE-E6FB-B803-25F5871C7DFE}.Release|Any CPU.Build.0 = Release|Any CPU
		{36820BCA-8EEC-F71C-2F95-3056AECC4F97}.Debug|Any CPU.ActiveCfg = Debug|Any CPU
		{36820BCA-8EEC-F71C-2F95-3056AECC4F97}.Debug|Any CPU.Build.0 = Debug|Any CPU
		{36820BCA-8EEC-F71C-2F95-3056AECC4F97}.Release|Any CPU.ActiveCfg = Release|Any CPU
		{36820BCA-8EEC-F71C-2F95-3056AECC4F97}.Release|Any CPU.Build.0 = Release|Any CPU
		{89C2D592-8EDB-4047-4B1D-A2712F208ECE}.Debug|Any CPU.ActiveCfg = Debug|Any CPU
		{89C2D592-8EDB-4047-4B1D-A2712F208ECE}.Debug|Any CPU.Build.0 = Debug|Any CPU
		{89C2D592-8EDB-4047-4B1D-A2712F208ECE}.Release|Any CPU.ActiveCfg = Release|Any CPU
		{89C2D592-8EDB-4047-4B1D-A2712F208ECE}.Release|Any CPU.Build.0 = Release|Any CPU
		{75E353AA-96B7-FD69-93BB-B241ECE12737}.Debug|Any CPU.ActiveCfg = Debug|Any CPU
		{75E353AA-96B7-FD69-93BB-B241ECE12737}.Debug|Any CPU.Build.0 = Debug|Any CPU
		{75E353AA-96B7-FD69-93BB-B241ECE12737}.Release|Any CPU.ActiveCfg = Release|Any CPU
		{75E353AA-96B7-FD69-93BB-B241ECE12737}.Release|Any CPU.Build.0 = Release|Any CPU
	EndGlobalSection
	GlobalSection(SolutionProperties) = preSolution
		HideSolutionNode = FALSE
	EndGlobalSection
																																													GlobalSection(MonoDevelopProperties) = preSolution
		StartupItem = Assembly-CSharp.csproj
		Policies = $0
		$0.TextStylePolicy = $1
		$1.inheritsSet = null
		$1.scope = text/x-csharp
		$0.CSharpFormattingPolicy = $2
		$2.inheritsSet = Mono
		$2.inheritsScope = text/x-csharp
		$2.scope = text/x-csharp
		$0.TextStylePolicy = $3
		$3.FileWidth = 120
		$3.TabWidth = 4
		$3.IndentWidth = 4
		$3.EolMarker = Unix
		$3.inheritsSet = Mono
		$3.inheritsScope = text/plain
		$3.scope = text/plain
	EndGlobalSection

EndGlobal
